
Microsoft Visual Studio Solution File, Format Version 12.00
# Visual Studio Version 16
VisualStudioVersion = 16.0.30406.217
MinimumVisualStudioVersion = 10.0.40219.1
Project("{8BC9CEB8-8B4A-11D0-8D11-00A0C91BC942}") = "Declaration_of_2D_Array", "Declaration_of_2D_Array\Declaration_of_2D_Array.vcxproj", "{C10A6CA2-CFCB-4A12-A97F-C96B3E2403ED}"
EndProject
Global
	GlobalSection(SolutionConfigurationPlatforms) = preSolution
		Debug|x64 = Debug|x64
		Debug|x86 = Debug|x86
		Release|x64 = Release|x64
		Release|x86 = Release|x86
	EndGlobalSection
	GlobalSection(ProjectConfigurationPlatforms) = postSolution
		{C10A6CA2-CFCB-4A12-A97F-C96B3E2403ED}.Debug|x64.ActiveCfg = Debug|x64
		{C10A6CA2-CFCB-4A12-A97F-C96B3E2403ED}.Debug|x64.Build.0 = Debug|x64
		{C10A6CA2-CFCB-4A12-A97F-C96B3E2403ED}.Debug|x86.ActiveCfg = Debug|Win32
		{C10A6CA2-CFCB-4A12-A97F-C96B3E2403ED}.Debug|x86.Build.0 = Debug|Win32
		{C10A6CA2-CFCB-4A12-A97F-C96B3E2403ED}.Release|x64.ActiveCfg = Release|x64
		{C10A6CA2-CFCB-4A12-A97F-C96B3E2403ED}.Release|x64.Build.0 = Release|x64
		{C10A6CA2-CFCB-4A12-A97F-C96B3E2403ED}.Release|x86.ActiveCfg = Release|Win32
		{C10A6CA2-CFCB-4A12-A97F-C96B3E2403ED}.Release|x86.Build.0 = Release|Win32
	EndGlobalSection
	GlobalSection(SolutionProperties) = preSolution
		HideSolutionNode = FALSE
	EndGlobalSection
	GlobalSection(ExtensibilityGlobals) = postSolution
		SolutionGuid = {55663375-0EF2-4C9C-9C64-8E6FBA50A524}
	EndGlobalSection
EndGlobal
