
Microsoft Visual Studio Solution File, Format Version 12.00
# Visual Studio Version 16
VisualStudioVersion = 16.0.30413.136
MinimumVisualStudioVersion = 10.0.40219.1
Project("{8BC9CEB8-8B4A-11D0-8D11-00A0C91BC942}") = "Upper_Triangular_Matrix_in_1D", "Upper_Triangular_Matrix_in_1D\Upper_Triangular_Matrix_in_1D.vcxproj", "{8D0DC3A6-3125-4C5F-A64F-FC77682D26CD}"
EndProject
Global
	GlobalSection(SolutionConfigurationPlatforms) = preSolution
		Debug|x64 = Debug|x64
		Debug|x86 = Debug|x86
		Release|x64 = Release|x64
		Release|x86 = Release|x86
	EndGlobalSection
	GlobalSection(ProjectConfigurationPlatforms) = postSolution
		{8D0DC3A6-3125-4C5F-A64F-FC77682D26CD}.Debug|x64.ActiveCfg = Debug|x64
		{8D0DC3A6-3125-4C5F-A64F-FC77682D26CD}.Debug|x64.Build.0 = Debug|x64
		{8D0DC3A6-3125-4C5F-A64F-FC77682D26CD}.Debug|x86.ActiveCfg = Debug|Win32
		{8D0DC3A6-3125-4C5F-A64F-FC77682D26CD}.Debug|x86.Build.0 = Debug|Win32
		{8D0DC3A6-3125-4C5F-A64F-FC77682D26CD}.Release|x64.ActiveCfg = Release|x64
		{8D0DC3A6-3125-4C5F-A64F-FC77682D26CD}.Release|x64.Build.0 = Release|x64
		{8D0DC3A6-3125-4C5F-A64F-FC77682D26CD}.Release|x86.ActiveCfg = Release|Win32
		{8D0DC3A6-3125-4C5F-A64F-FC77682D26CD}.Release|x86.Build.0 = Release|Win32
	EndGlobalSection
	GlobalSection(SolutionProperties) = preSolution
		HideSolutionNode = FALSE
	EndGlobalSection
	GlobalSection(ExtensibilityGlobals) = postSolution
		SolutionGuid = {997972A0-4391-4009-9BC6-BF3519238FDB}
	EndGlobalSection
EndGlobal
