
Microsoft Visual Studio Solution File, Format Version 12.00
# Visual Studio Version 16
VisualStudioVersion = 16.0.30413.136
MinimumVisualStudioVersion = 10.0.40219.1
Project("{8BC9CEB8-8B4A-11D0-8D11-00A0C91BC942}") = "Spare_Matrix", "Spare_Matrix\Spare_Matrix.vcxproj", "{F6A5B4C2-504A-4314-A4B2-35D99397B0E4}"
EndProject
Global
	GlobalSection(SolutionConfigurationPlatforms) = preSolution
		Debug|x64 = Debug|x64
		Debug|x86 = Debug|x86
		Release|x64 = Release|x64
		Release|x86 = Release|x86
	EndGlobalSection
	GlobalSection(ProjectConfigurationPlatforms) = postSolution
		{F6A5B4C2-504A-4314-A4B2-35D99397B0E4}.Debug|x64.ActiveCfg = Debug|x64
		{F6A5B4C2-504A-4314-A4B2-35D99397B0E4}.Debug|x64.Build.0 = Debug|x64
		{F6A5B4C2-504A-4314-A4B2-35D99397B0E4}.Debug|x86.ActiveCfg = Debug|Win32
		{F6A5B4C2-504A-4314-A4B2-35D99397B0E4}.Debug|x86.Build.0 = Debug|Win32
		{F6A5B4C2-504A-4314-A4B2-35D99397B0E4}.Release|x64.ActiveCfg = Release|x64
		{F6A5B4C2-504A-4314-A4B2-35D99397B0E4}.Release|x64.Build.0 = Release|x64
		{F6A5B4C2-504A-4314-A4B2-35D99397B0E4}.Release|x86.ActiveCfg = Release|Win32
		{F6A5B4C2-504A-4314-A4B2-35D99397B0E4}.Release|x86.Build.0 = Release|Win32
	EndGlobalSection
	GlobalSection(SolutionProperties) = preSolution
		HideSolutionNode = FALSE
	EndGlobalSection
	GlobalSection(ExtensibilityGlobals) = postSolution
		SolutionGuid = {7E6B1903-5AB2-4987-B742-0B49CFDB240B}
	EndGlobalSection
EndGlobal
