
Microsoft Visual Studio Solution File, Format Version 12.00
# Visual Studio Version 16
VisualStudioVersion = 16.0.30413.136
MinimumVisualStudioVersion = 10.0.40219.1
Project("{8BC9CEB8-8B4A-11D0-8D11-00A0C91BC942}") = "Final_Array(Functional)", "Final_Array(Functional)\Final_Array(Functional).vcxproj", "{DC2ED788-3047-45F3-ADE2-903C6149C248}"
EndProject
Global
	GlobalSection(SolutionConfigurationPlatforms) = preSolution
		Debug|x64 = Debug|x64
		Debug|x86 = Debug|x86
		Release|x64 = Release|x64
		Release|x86 = Release|x86
	EndGlobalSection
	GlobalSection(ProjectConfigurationPlatforms) = postSolution
		{DC2ED788-3047-45F3-ADE2-903C6149C248}.Debug|x64.ActiveCfg = Debug|x64
		{DC2ED788-3047-45F3-ADE2-903C6149C248}.Debug|x64.Build.0 = Debug|x64
		{DC2ED788-3047-45F3-ADE2-903C6149C248}.Debug|x86.ActiveCfg = Debug|Win32
		{DC2ED788-3047-45F3-ADE2-903C6149C248}.Debug|x86.Build.0 = Debug|Win32
		{DC2ED788-3047-45F3-ADE2-903C6149C248}.Release|x64.ActiveCfg = Release|x64
		{DC2ED788-3047-45F3-ADE2-903C6149C248}.Release|x64.Build.0 = Release|x64
		{DC2ED788-3047-45F3-ADE2-903C6149C248}.Release|x86.ActiveCfg = Release|Win32
		{DC2ED788-3047-45F3-ADE2-903C6149C248}.Release|x86.Build.0 = Release|Win32
	EndGlobalSection
	GlobalSection(SolutionProperties) = preSolution
		HideSolutionNode = FALSE
	EndGlobalSection
	GlobalSection(ExtensibilityGlobals) = postSolution
		SolutionGuid = {8554B489-6C8B-4F18-B62F-8279AC04D74A}
	EndGlobalSection
EndGlobal
